// !$*UTF8*$!
{
	archiveVersion = 1;
	classes = {
	};
	objectVersion = 46;
	objects = {

/* Begin PBXBuildFile section */
		CC57CD721EFA13D100CAC18A /* WXEmoticonCollectionView.swift in Sources */ = {isa = PBXBuildFile; fileRef = CC57CD711EFA13D100CAC18A /* WXEmoticonCollectionView.swift */; };
		CC57CD741EFA17DC00CAC18A /* WXEmoticonDataManager.swift in Sources */ = {isa = PBXBuildFile; fileRef = CC57CD731EFA17DC00CAC18A /* WXEmoticonDataManager.swift */; };
		CC765A031EF8F4EE0096B0A2 /* AppDelegate.swift in Sources */ = {isa = PBXBuildFile; fileRef = CC765A021EF8F4EE0096B0A2 /* AppDelegate.swift */; };
		CC765A051EF8F4EE0096B0A2 /* ViewController.swift in Sources */ = {isa = PBXBuildFile; fileRef = CC765A041EF8F4EE0096B0A2 /* ViewController.swift */; };
		CC765A081EF8F4EE0096B0A2 /* Main.storyboard in Resources */ = {isa = PBXBuildFile; fileRef = CC765A061EF8F4EE0096B0A2 /* Main.storyboard */; };
		CC765A0A1EF8F4EE0096B0A2 /* Assets.xcassets in Resources */ = {isa = PBXBuildFile; fileRef = CC765A091EF8F4EE0096B0A2 /* Assets.xcassets */; };
		CC765A0D1EF8F4EE0096B0A2 /* LaunchScreen.storyboard in Resources */ = {isa = PBXBuildFile; fileRef = CC765A0B1EF8F4EE0096B0A2 /* LaunchScreen.storyboard */; };
		CC765A181EF902750096B0A2 /* Emoticons.bundle in Resources */ = {isa = PBXBuildFile; fileRef = CC765A171EF902750096B0A2 /* Emoticons.bundle */; };
		CC765A1A1EF902AF0096B0A2 /* WXEmoticonKeyBoard.swift in Sources */ = {isa = PBXBuildFile; fileRef = CC765A191EF902AF0096B0A2 /* WXEmoticonKeyBoard.swift */; };
		CC765A1C1EF905CE0096B0A2 /* WXEmoticonKeyBoardBottomTool.swift in Sources */ = {isa = PBXBuildFile; fileRef = CC765A1B1EF905CE0096B0A2 /* WXEmoticonKeyBoardBottomTool.swift */; };
		CC765A1E1EF90C550096B0A2 /* WXEmoticonKeyBoardBottomToolCell.swift in Sources */ = {isa = PBXBuildFile; fileRef = CC765A1D1EF90C550096B0A2 /* WXEmoticonKeyBoardBottomToolCell.swift */; };
/* End PBXBuildFile section */

/* Begin PBXFileReference section */
		CC57CD711EFA13D100CAC18A /* WXEmoticonCollectionView.swift */ = {isa = PBXFileReference; fileEncoding = 4; lastKnownFileType = sourcecode.swift; path = WXEmoticonCollectionView.swift; sourceTree = "<group>"; };
		CC57CD731EFA17DC00CAC18A /* WXEmoticonDataManager.swift */ = {isa = PBXFileReference; fileEncoding = 4; lastKnownFileType = sourcecode.swift; path = WXEmoticonDataManager.swift; sourceTree = "<group>"; };
		CC7659FF1EF8F4EE0096B0A2 /* WXEmoticonKeyboard.app */ = {isa = PBXFileReference; explicitFileType = wrapper.application; includeInIndex = 0; path = WXEmoticonKeyboard.app; sourceTree = BUILT_PRODUCTS_DIR; };
		CC765A021EF8F4EE0096B0A2 /* AppDelegate.swift */ = {isa = PBXFileReference; lastKnownFileType = sourcecode.swift; path = AppDelegate.swift; sourceTree = "<group>"; };
		CC765A041EF8F4EE0096B0A2 /* ViewController.swift */ = {isa = PBXFileReference; lastKnownFileType = sourcecode.swift; path = ViewController.swift; sourceTree = "<group>"; };
		CC765A071EF8F4EE0096B0A2 /* Base */ = {isa = PBXFileReference; lastKnownFileType = file.storyboard; name = Base; path = Base.lproj/Main.storyboard; sourceTree = "<group>"; };
		CC765A091EF8F4EE0096B0A2 /* Assets.xcassets */ = {isa = PBXFileReference; lastKnownFileType = folder.assetcatalog; path = Assets.xcassets; sourceTree = "<group>"; };
		CC765A0C1EF8F4EE0096B0A2 /* Base */ = {isa = PBXFileReference; lastKnownFileType = file.storyboard; name = Base; path = Base.lproj/LaunchScreen.storyboard; sourceTree = "<group>"; };
		CC765A0E1EF8F4EE0096B0A2 /* Info.plist */ = {isa = PBXFileReference; lastKnownFileType = text.plist.xml; path = Info.plist; sourceTree = "<group>"; };
		CC765A171EF902750096B0A2 /* Emoticons.bundle */ = {isa = PBXFileReference; lastKnownFileType = "wrapper.plug-in"; path = Emoticons.bundle; sourceTree = "<group>"; };
		CC765A191EF902AF0096B0A2 /* WXEmoticonKeyBoard.swift */ = {isa = PBXFileReference; fileEncoding = 4; lastKnownFileType = sourcecode.swift; path = WXEmoticonKeyBoard.swift; sourceTree = "<group>"; };
		CC765A1B1EF905CE0096B0A2 /* WXEmoticonKeyBoardBottomTool.swift */ = {isa = PBXFileReference; fileEncoding = 4; lastKnownFileType = sourcecode.swift; path = WXEmoticonKeyBoardBottomTool.swift; sourceTree = "<group>"; };
		CC765A1D1EF90C550096B0A2 /* WXEmoticonKeyBoardBottomToolCell.swift */ = {isa = PBXFileReference; fileEncoding = 4; lastKnownFileType = sourcecode.swift; path = WXEmoticonKeyBoardBottomToolCell.swift; sourceTree = "<group>"; };
/* End PBXFileReference section */

/* Begin PBXFrameworksBuildPhase section */
		CC7659FC1EF8F4EE0096B0A2 /* Frameworks */ = {
			isa = PBXFrameworksBuildPhase;
			buildActionMask = 2147483647;
			files = (
			);
			runOnlyForDeploymentPostprocessing = 0;
		};
/* End PBXFrameworksBuildPhase section */

/* Begin PBXGroup section */
		CC7659F61EF8F4EE0096B0A2 = {
			isa = PBXGroup;
			children = (
				CC765A011EF8F4EE0096B0A2 /* WXEmoticonKeyboard */,
				CC765A001EF8F4EE0096B0A2 /* Products */,
			);
			sourceTree = "<group>";
		};
		CC765A001EF8F4EE0096B0A2 /* Products */ = {
			isa = PBXGroup;
			children = (
				CC7659FF1EF8F4EE0096B0A2 /* WXEmoticonKeyboard.app */,
			);
			name = Products;
			sourceTree = "<group>";
		};
		CC765A011EF8F4EE0096B0A2 /* WXEmoticonKeyboard */ = {
			isa = PBXGroup;
			children = (
				CC765A161EF902520096B0A2 /* WXEmoticonKeyBoard */,
				CC765A021EF8F4EE0096B0A2 /* AppDelegate.swift */,
				CC765A041EF8F4EE0096B0A2 /* ViewController.swift */,
				CC765A061EF8F4EE0096B0A2 /* Main.storyboard */,
				CC765A091EF8F4EE0096B0A2 /* Assets.xcassets */,
				CC765A0B1EF8F4EE0096B0A2 /* LaunchScreen.storyboard */,
				CC765A0E1EF8F4EE0096B0A2 /* Info.plist */,
			);
			path = WXEmoticonKeyboard;
			sourceTree = "<group>";
		};
		CC765A161EF902520096B0A2 /* WXEmoticonKeyBoard */ = {
			isa = PBXGroup;
			children = (
				CC765A171EF902750096B0A2 /* Emoticons.bundle */,
				CC765A191EF902AF0096B0A2 /* WXEmoticonKeyBoard.swift */,
				CC765A1B1EF905CE0096B0A2 /* WXEmoticonKeyBoardBottomTool.swift */,
				CC765A1D1EF90C550096B0A2 /* WXEmoticonKeyBoardBottomToolCell.swift */,
				CC57CD711EFA13D100CAC18A /* WXEmoticonCollectionView.swift */,
				CC57CD731EFA17DC00CAC18A /* WXEmoticonDataManager.swift */,
			);
			path = WXEmoticonKeyBoard;
			sourceTree = "<group>";
		};
/* End PBXGroup section */

/* Begin PBXNativeTarget section */
		CC7659FE1EF8F4EE0096B0A2 /* WXEmoticonKeyboard */ = {
			isa = PBXNativeTarget;
			buildConfigurationList = CC765A111EF8F4EE0096B0A2 /* Build configuration list for PBXNativeTarget "WXEmoticonKeyboard" */;
			buildPhases = (
				CC7659FB1EF8F4EE0096B0A2 /* Sources */,
				CC7659FC1EF8F4EE0096B0A2 /* Frameworks */,
				CC7659FD1EF8F4EE0096B0A2 /* Resources */,
			);
			buildRules = (
			);
			dependencies = (
			);
			name = WXEmoticonKeyboard;
			productName = WXEmoticonKeyboard;
			productReference = CC7659FF1EF8F4EE0096B0A2 /* WXEmoticonKeyboard.app */;
			productType = "com.apple.product-type.application";
		};
/* End PBXNativeTarget section */

/* Begin PBXProject section */
		CC7659F71EF8F4EE0096B0A2 /* Project object */ = {
			isa = PBXProject;
			attributes = {
				LastSwiftUpdateCheck = 0820;
				LastUpgradeCheck = 0820;
				ORGANIZATIONNAME = "BlackEr Gray";
				TargetAttributes = {
					CC7659FE1EF8F4EE0096B0A2 = {
						CreatedOnToolsVersion = 8.2.1;
						DevelopmentTeam = 38L5433X9B;
						ProvisioningStyle = Automatic;
					};
				};
			};
			buildConfigurationList = CC7659FA1EF8F4EE0096B0A2 /* Build configuration list for PBXProject "WXEmoticonKeyboard" */;
			compatibilityVersion = "Xcode 3.2";
			developmentRegion = English;
			hasScannedForEncodings = 0;
			knownRegions = (
				en,
				Base,
			);
			mainGroup = CC7659F61EF8F4EE0096B0A2;
			productRefGroup = CC765A001EF8F4EE0096B0A2 /* Products */;
			projectDirPath = "";
			projectRoot = "";
			targets = (
				CC7659FE1EF8F4EE0096B0A2 /* WXEmoticonKeyboard */,
			);
		};
/* End PBXProject section */

/* Begin PBXResourcesBuildPhase section */
		CC7659FD1EF8F4EE0096B0A2 /* Resources */ = {
			isa = PBXResourcesBuildPhase;
			buildActionMask = 2147483647;
			files = (
				CC765A0D1EF8F4EE0096B0A2 /* LaunchScreen.storyboard in Resources */,
				CC765A181EF902750096B0A2 /* Emoticons.bundle in Resources */,
				CC765A0A1EF8F4EE0096B0A2 /* Assets.xcassets in Resources */,
				CC765A081EF8F4EE0096B0A2 /* Main.storyboard in Resources */,
			);
			runOnlyForDeploymentPostprocessing = 0;
		};
/* End PBXResourcesBuildPhase section */

/* Begin PBXSourcesBuildPhase section */
		CC7659FB1EF8F4EE0096B0A2 /* Sources */ = {
			isa = PBXSourcesBuildPhase;
			buildActionMask = 2147483647;
			files = (
				CC765A051EF8F4EE0096B0A2 /* ViewController.swift in Sources */,
				CC765A031EF8F4EE0096B0A2 /* AppDelegate.swift in Sources */,
				CC765A1C1EF905CE0096B0A2 /* WXEmoticonKeyBoardBottomTool.swift in Sources */,
				CC57CD721EFA13D100CAC18A /* WXEmoticonCollectionView.swift in Sources */,
				CC765A1A1EF902AF0096B0A2 /* WXEmoticonKeyBoard.swift in Sources */,
				CC57CD741EFA17DC00CAC18A /* WXEmoticonDataManager.swift in Sources */,
				CC765A1E1EF90C550096B0A2 /* WXEmoticonKeyBoardBottomToolCell.swift in Sources */,
			);
			runOnlyForDeploymentPostprocessing = 0;
		};
/* End PBXSourcesBuildPhase section */

/* Begin PBXVariantGroup section */
		CC765A061EF8F4EE0096B0A2 /* Main.storyboard */ = {
			isa = PBXVariantGroup;
			children = (
				CC765A071EF8F4EE0096B0A2 /* Base */,
			);
			name = Main.storyboard;
			sourceTree = "<group>";
		};
		CC765A0B1EF8F4EE0096B0A2 /* LaunchScreen.storyboard */ = {
			isa = PBXVariantGroup;
			children = (
				CC765A0C1EF8F4EE0096B0A2 /* Base */,
			);
			name = LaunchScreen.storyboard;
			sourceTree = "<group>";
		};
/* End PBXVariantGroup section */

/* Begin XCBuildConfiguration section */
		CC765A0F1EF8F4EE0096B0A2 /* Debug */ = {
			isa = XCBuildConfiguration;
			buildSettings = {
				ALWAYS_SEARCH_USER_PATHS = NO;
				CLANG_ANALYZER_NONNULL = YES;
				CLANG_CXX_LANGUAGE_STANDARD = "gnu++0x";
				CLANG_CXX_LIBRARY = "libc++";
				CLANG_ENABLE_MODULES = YES;
				CLANG_ENABLE_OBJC_ARC = YES;
				CLANG_WARN_BOOL_CONVERSION = YES;
				CLANG_WARN_CONSTANT_CONVERSION = YES;
				CLANG_WARN_DIRECT_OBJC_ISA_USAGE = YES_ERROR;
				CLANG_WARN_DOCUMENTATION_COMMENTS = YES;
				CLANG_WARN_EMPTY_BODY = YES;
				CLANG_WARN_ENUM_CONVERSION = YES;
				CLANG_WARN_INFINITE_RECURSION = YES;
				CLANG_WARN_INT_CONVERSION = YES;
				CLANG_WARN_OBJC_ROOT_CLASS = YES_ERROR;
				CLANG_WARN_SUSPICIOUS_MOVE = YES;
				CLANG_WARN_UNREACHABLE_CODE = YES;
				CLANG_WARN__DUPLICATE_METHOD_MATCH = YES;
				"CODE_SIGN_IDENTITY[sdk=iphoneos*]" = "iPhone Developer";
				COPY_PHASE_STRIP = NO;
				DEBUG_INFORMATION_FORMAT = dwarf;
				ENABLE_STRICT_OBJC_MSGSEND = YES;
				ENABLE_TESTABILITY = YES;
				GCC_C_LANGUAGE_STANDARD = gnu99;
				GCC_DYNAMIC_NO_PIC = NO;
				GCC_NO_COMMON_BLOCKS = YES;
				GCC_OPTIMIZATION_LEVEL = 0;
				GCC_PREPROCESSOR_DEFINITIONS = (
					"DEBUG=1",
					"$(inherited)",
				);
				GCC_WARN_64_TO_32_BIT_CONVERSION = YES;
				GCC_WARN_ABOUT_RETURN_TYPE = YES_ERROR;
				GCC_WARN_UNDECLARED_SELECTOR = YES;
				GCC_WARN_UNINITIALIZED_AUTOS = YES_AGGRESSIVE;
				GCC_WARN_UNUSED_FUNCTION = YES;
				GCC_WARN_UNUSED_VARIABLE = YES;
				IPHONEOS_DEPLOYMENT_TARGET = 10.2;
				MTL_ENABLE_DEBUG_INFO = YES;
				ONLY_ACTIVE_ARCH = YES;
				SDKROOT = iphoneos;
				SWIFT_ACTIVE_COMPILATION_CONDITIONS = DEBUG;
				SWIFT_OPTIMIZATION_LEVEL = "-Onone";
			};
			name = Debug;
		};
		CC765A101EF8F4EE0096B0A2 /* Release */ = {
			isa = XCBuildConfiguration;
			buildSettings = {
				ALWAYS_SEARCH_USER_PATHS = NO;
				CLANG_ANALYZER_NONNULL = YES;
				CLANG_CXX_LANGUAGE_STANDARD = "gnu++0x";
				CLANG_CXX_LIBRARY = "libc++";
				CLANG_ENABLE_MODULES = YES;
				CLANG_ENABLE_OBJC_ARC = YES;
				CLANG_WARN_BOOL_CONVERSION = YES;
				CLANG_WARN_CONSTANT_CONVERSION = YES;
				CLANG_WARN_DIRECT_OBJC_ISA_USAGE = YES_ERROR;
				CLANG_WARN_DOCUMENTATION_COMMENTS = YES;
				CLANG_WARN_EMPTY_BODY = YES;
				CLANG_WARN_ENUM_CONVERSION = YES;
				CLANG_WARN_INFINITE_RECURSION = YES;
				CLANG_WARN_INT_CONVERSION = YES;
				CLANG_WARN_OBJC_ROOT_CLASS = YES_ERROR;
				CLANG_WARN_SUSPICIOUS_MOVE = YES;
				CLANG_WARN_UNREACHABLE_CODE = YES;
				CLANG_WARN__DUPLICATE_METHOD_MATCH = YES;
				"CODE_SIGN_IDENTITY[sdk=iphoneos*]" = "iPhone Developer";
				COPY_PHASE_STRIP = NO;
				DEBUG_INFORMATION_FORMAT = "dwarf-with-dsym";
				ENABLE_NS_ASSERTIONS = NO;
				ENABLE_STRICT_OBJC_MSGSEND = YES;
				GCC_C_LANGUAGE_STANDARD = gnu99;
				GCC_NO_COMMON_BLOCKS = YES;
				GCC_WARN_64_TO_32_BIT_CONVERSION = YES;
				GCC_WARN_ABOUT_RETURN_TYPE = YES_ERROR;
				GCC_WARN_UNDECLARED_SELECTOR = YES;
				GCC_WARN_UNINITIALIZED_AUTOS = YES_AGGRESSIVE;
				GCC_WARN_UNUSED_FUNCTION = YES;
				GCC_WARN_UNUSED_VARIABLE = YES;
				IPHONEOS_DEPLOYMENT_TARGET = 10.2;
				MTL_ENABLE_DEBUG_INFO = NO;
				SDKROOT = iphoneos;
				SWIFT_OPTIMIZATION_LEVEL = "-Owholemodule";
				VALIDATE_PRODUCT = YES;
			};
			name = Release;
		};
		CC765A121EF8F4EE0096B0A2 /* Debug */ = {
			isa = XCBuildConfiguration;
			buildSettings = {
				ASSETCATALOG_COMPILER_APPICON_NAME = AppIcon;
				DEVELOPMENT_TEAM = 38L5433X9B;
				INFOPLIST_FILE = WXEmoticonKeyboard/Info.plist;
				LD_RUNPATH_SEARCH_PATHS = "$(inherited) @executable_path/Frameworks";
				PRODUCT_BUNDLE_IDENTIFIER = com.tezhi.WXEmoticonKeyboard;
				PRODUCT_NAME = "$(TARGET_NAME)";
				SWIFT_VERSION = 3.0;
			};
			name = Debug;
		};
		CC765A131EF8F4EE0096B0A2 /* Release */ = {
			isa = XCBuildConfiguration;
			buildSettings = {
				ASSETCATALOG_COMPILER_APPICON_NAME = AppIcon;
				DEVELOPMENT_TEAM = 38L5433X9B;
				INFOPLIST_FILE = WXEmoticonKeyboard/Info.plist;
				LD_RUNPATH_SEARCH_PATHS = "$(inherited) @executable_path/Frameworks";
				PRODUCT_BUNDLE_IDENTIFIER = com.tezhi.WXEmoticonKeyboard;
				PRODUCT_NAME = "$(TARGET_NAME)";
				SWIFT_VERSION = 3.0;
			};
			name = Release;
		};
/* End XCBuildConfiguration section */

/* Begin XCConfigurationList section */
		CC7659FA1EF8F4EE0096B0A2 /* Build configuration list for PBXProject "WXEmoticonKeyboard" */ = {
			isa = XCConfigurationList;
			buildConfigurations = (
				CC765A0F1EF8F4EE0096B0A2 /* Debug */,
				CC765A101EF8F4EE0096B0A2 /* Release */,
			);
			defaultConfigurationIsVisible = 0;
			defaultConfigurationName = Release;
		};
		CC765A111EF8F4EE0096B0A2 /* Build configuration list for PBXNativeTarget "WXEmoticonKeyboard" */ = {
			isa = XCConfigurationList;
			buildConfigurations = (
				CC765A121EF8F4EE0096B0A2 /* Debug */,
				CC765A131EF8F4EE0096B0A2 /* Release */,
			);
			defaultConfigurationIsVisible = 0;
			defaultConfigurationName = Release;
		};
/* End XCConfigurationList section */
	};
	rootObject = CC7659F71EF8F4EE0096B0A2 /* Project object */;
}
